
Microsoft Visual Studio Solution File, Format Version 12.00
# Visual Studio Version 16
VisualStudioVersion = 16.0.33920.266
MinimumVisualStudioVersion = 10.0.40219.1
Project("{FAE04EC0-301F-11D3-BF4B-00C04F79EFBC}") = "TheAtlanticBank.Core", "TheAtlanticBank.Core\TheAtlanticBank.Core.csproj", "{D3A97DDD-4D9F-4032-B250-63A1A5028975}"
EndProject
Project("{FAE04EC0-301F-11D3-BF4B-00C04F79EFBC}") = "TheAtlanticBank.Entities", "TheAtlanticBank.Entities\TheAtlanticBank.Entities.csproj", "{010152CA-9C4D-4C50-AB1D-4AB9EB2F780C}"
EndProject
Project("{FAE04EC0-301F-11D3-BF4B-00C04F79EFBC}") = "TheAtlanticBank.Data", "TheAtlanticBank.Data\TheAtlanticBank.Data.csproj", "{8264261C-61CC-4F38-A499-69ED5AE65951}"
EndProject
Project("{FAE04EC0-301F-11D3-BF4B-00C04F79EFBC}") = "TheAtlanticBank.Common", "TheAtlanticBank.Common\TheAtlanticBank.Common.csproj", "{235D52E0-BDA3-43E2-940A-1B0C3C73CF6E}"
EndProject
Project("{FAE04EC0-301F-11D3-BF4B-00C04F79EFBC}") = "TheAtlanticBank.Helpers", "TheAtlanticBank.Helpers\TheAtlanticBank.Helpers.csproj", "{5DF0F32B-9294-4886-AA04-CBDE198E82B3}"
EndProject
Project("{FAE04EC0-301F-11D3-BF4B-00C04F79EFBC}") = "TheAtlanticBank", "TheAtlanticBank\TheAtlanticBank.csproj", "{098C4827-477A-4C25-90D1-9D729D60D6CD}"
EndProject
Global
	GlobalSection(SolutionConfigurationPlatforms) = preSolution
		Debug|Any CPU = Debug|Any CPU
		Release|Any CPU = Release|Any CPU
	EndGlobalSection
	GlobalSection(ProjectConfigurationPlatforms) = postSolution
		{D3A97DDD-4D9F-4032-B250-63A1A5028975}.Debug|Any CPU.ActiveCfg = Debug|Any CPU
		{D3A97DDD-4D9F-4032-B250-63A1A5028975}.Debug|Any CPU.Build.0 = Debug|Any CPU
		{D3A97DDD-4D9F-4032-B250-63A1A5028975}.Release|Any CPU.ActiveCfg = Release|Any CPU
		{D3A97DDD-4D9F-4032-B250-63A1A5028975}.Release|Any CPU.Build.0 = Release|Any CPU
		{010152CA-9C4D-4C50-AB1D-4AB9EB2F780C}.Debug|Any CPU.ActiveCfg = Debug|Any CPU
		{010152CA-9C4D-4C50-AB1D-4AB9EB2F780C}.Debug|Any CPU.Build.0 = Debug|Any CPU
		{010152CA-9C4D-4C50-AB1D-4AB9EB2F780C}.Release|Any CPU.ActiveCfg = Release|Any CPU
		{010152CA-9C4D-4C50-AB1D-4AB9EB2F780C}.Release|Any CPU.Build.0 = Release|Any CPU
		{8264261C-61CC-4F38-A499-69ED5AE65951}.Debug|Any CPU.ActiveCfg = Debug|Any CPU
		{8264261C-61CC-4F38-A499-69ED5AE65951}.Debug|Any CPU.Build.0 = Debug|Any CPU
		{8264261C-61CC-4F38-A499-69ED5AE65951}.Release|Any CPU.ActiveCfg = Release|Any CPU
		{8264261C-61CC-4F38-A499-69ED5AE65951}.Release|Any CPU.Build.0 = Release|Any CPU
		{235D52E0-BDA3-43E2-940A-1B0C3C73CF6E}.Debug|Any CPU.ActiveCfg = Debug|Any CPU
		{235D52E0-BDA3-43E2-940A-1B0C3C73CF6E}.Debug|Any CPU.Build.0 = Debug|Any CPU
		{235D52E0-BDA3-43E2-940A-1B0C3C73CF6E}.Release|Any CPU.ActiveCfg = Release|Any CPU
		{235D52E0-BDA3-43E2-940A-1B0C3C73CF6E}.Release|Any CPU.Build.0 = Release|Any CPU
		{5DF0F32B-9294-4886-AA04-CBDE198E82B3}.Debug|Any CPU.ActiveCfg = Debug|Any CPU
		{5DF0F32B-9294-4886-AA04-CBDE198E82B3}.Debug|Any CPU.Build.0 = Debug|Any CPU
		{5DF0F32B-9294-4886-AA04-CBDE198E82B3}.Release|Any CPU.ActiveCfg = Release|Any CPU
		{5DF0F32B-9294-4886-AA04-CBDE198E82B3}.Release|Any CPU.Build.0 = Release|Any CPU
		{098C4827-477A-4C25-90D1-9D729D60D6CD}.Debug|Any CPU.ActiveCfg = Debug|Any CPU
		{098C4827-477A-4C25-90D1-9D729D60D6CD}.Debug|Any CPU.Build.0 = Debug|Any CPU
		{098C4827-477A-4C25-90D1-9D729D60D6CD}.Release|Any CPU.ActiveCfg = Release|Any CPU
		{098C4827-477A-4C25-90D1-9D729D60D6CD}.Release|Any CPU.Build.0 = Release|Any CPU
	EndGlobalSection
	GlobalSection(SolutionProperties) = preSolution
		HideSolutionNode = FALSE
	EndGlobalSection
	GlobalSection(ExtensibilityGlobals) = postSolution
		SolutionGuid = {7393F301-DC46-4C6E-9143-FCFF98B09E47}
	EndGlobalSection
EndGlobal
